# THIS IS AN AUTOGENERATED FILE. DO NOT EDIT THIS FILE DIRECTLY.
# yarn lockfile v1


"@babel/runtime@^7.11.2":
  version "7.23.2"
  resolved "https://registry.yarnpkg.com/@babel/runtime/-/runtime-7.23.2.tgz#062b0ac103261d68a966c4c7baf2ae3e62ec3885"
  integrity sha512-mM8eg4yl5D6i3lu2QKPuPH4FArvJ8KhTofbE7jwMUv9KX5mBvwPAqnV3MlyBNqdp9RyRKP6Yck8TrfYrPvX3bg==
  dependencies:
    regenerator-runtime "^0.14.0"

"@emotion/is-prop-valid@^1.2.1":
  version "1.2.1"
  resolved "https://registry.yarnpkg.com/@emotion/is-prop-valid/-/is-prop-valid-1.2.1.tgz#23116cf1ed18bfeac910ec6436561ecb1a3885cc"
  integrity sha512-61Mf7Ufx4aDxx1xlDeOm8aFFigGHE4z+0sKCa+IHCeZKiyP9RLD0Mmx7m8b9/Cf37f7NAvQOOJAbQQGVr5uERw==
  dependencies:
    "@emotion/memoize" "^0.8.1"

"@emotion/memoize@^0.8.1":
  version "0.8.1"
  resolved "https://registry.yarnpkg.com/@emotion/memoize/-/memoize-0.8.1.tgz#c1ddb040429c6d21d38cc945fe75c818cfb68e17"
  integrity sha512-W2P2c/VRW1/1tLox0mVUalvnWXxavmv/Oum2aPsRcoDJuob75FC3Y8FbpfLwUegRcxINtGUMPq0tFCvYNTBXNA==

"@emotion/unitless@^0.8.0":
  version "0.8.1"
  resolved "https://registry.yarnpkg.com/@emotion/unitless/-/unitless-0.8.1.tgz#182b5a4704ef8ad91bde93f7a860a88fd92c79a3"
  integrity sha512-KOEGMu6dmJZtpadb476IsZBclKvILjopjUii3V+7MnXIQCYh8W3NgNcgwo21n9LXZX6EDIKvqfjYxXebDwxKmQ==

"@ethereumjs/common@^3.2.0":
  version "3.2.0"
  resolved "https://registry.yarnpkg.com/@ethereumjs/common/-/common-3.2.0.tgz#b71df25845caf5456449163012074a55f048e0a0"
  integrity sha512-pksvzI0VyLgmuEF2FA/JR/4/y6hcPq8OUail3/AvycBaW1d5VSauOZzqGvJ3RTmR4MU35lWE8KseKOsEhrFRBA==
  dependencies:
    "@ethereumjs/util" "^8.1.0"
    crc-32 "^1.2.0"

"@ethereumjs/rlp@^4.0.1":
  version "4.0.1"
  resolved "https://registry.yarnpkg.com/@ethereumjs/rlp/-/rlp-4.0.1.tgz#626fabfd9081baab3d0a3074b0c7ecaf674aaa41"
  integrity sha512-tqsQiBQDQdmPWE1xkkBq4rlSW5QZpLOUJ5RJh2/9fug+q9tnUhuZoVLk7s0scUIKTOzEtR72DFBXI4WiZcMpvw==

"@ethereumjs/tx@^4.2.0":
  version "4.2.0"
  resolved "https://registry.yarnpkg.com/@ethereumjs/tx/-/tx-4.2.0.tgz#5988ae15daf5a3b3c815493bc6b495e76009e853"
  integrity sha512-1nc6VO4jtFd172BbSnTnDQVr9IYBFl1y4xPzZdtkrkKIncBCkdbgfdRV+MiTkJYAtTxvV12GRZLqBFT1PNK6Yw==
  dependencies:
    "@ethereumjs/common" "^3.2.0"
    "@ethereumjs/rlp" "^4.0.1"
    "@ethereumjs/util" "^8.1.0"
    ethereum-cryptography "^2.0.0"

"@ethereumjs/util@^8.1.0":
  version "8.1.0"
  resolved "https://registry.yarnpkg.com/@ethereumjs/util/-/util-8.1.0.tgz#299df97fb6b034e0577ce9f94c7d9d1004409ed4"
  integrity sha512-zQ0IqbdX8FZ9aw11vP+dZkKDkS+kgIvQPHnSAXzP9pLu+Rfu3D3XEeLbicvoXJTYnhZiPmsZUxgdzXwNKxRPbA==
  dependencies:
    "@ethereumjs/rlp" "^4.0.1"
    ethereum-cryptography "^2.0.0"
    micro-ftch "^0.3.1"

"@metamask/json-rpc-engine@^7.1.1":
  version "7.3.0"
  resolved "https://registry.yarnpkg.com/@metamask/json-rpc-engine/-/json-rpc-engine-7.3.0.tgz#eec5505f0ea41bd46c785c8722c5a10a3afd9850"
  integrity sha512-93cOdqnpt0P9uU/aC65GZulaDh6qNFEm8IFXHbI4lisK7oebU2SLarJUBZPebjko7hzwmfV1M1h7FQAlyRkVLg==
  dependencies:
    "@metamask/rpc-errors" "^6.1.0"
    "@metamask/safe-event-emitter" "^3.0.0"
    "@metamask/utils" "^8.2.0"

"@metamask/object-multiplex@^2.0.0":
  version "2.0.0"
  resolved "https://registry.yarnpkg.com/@metamask/object-multiplex/-/object-multiplex-2.0.0.tgz#aa6e4aa7b4e2f457ea4bb51cd7281d931e0aa35d"
  integrity sha512-+ItrieVZie3j2LfYE0QkdW3dsEMfMEp419IGx1zyeLqjRZ14iQUPRO0H6CGgfAAoC0x6k2PfCAGRwJUA9BMrqA==
  dependencies:
    once "^1.4.0"
    readable-stream "^3.6.2"

"@metamask/providers@^14.0.0":
  version "14.0.0"
  resolved "https://registry.yarnpkg.com/@metamask/providers/-/providers-14.0.0.tgz#2ed52e94b0436fb820e299c61cf1e202444d0321"
  integrity sha512-q56jATwKX/uVu4qGiuxwuQiDu10fI4JVRR0TxAtd6u/r3xLRDPvnBuHKFb1q7yXnOcLV40Oxy6rSKaUBJOMWkA==
  dependencies:
    "@metamask/json-rpc-engine" "^7.1.1"
    "@metamask/object-multiplex" "^2.0.0"
    "@metamask/rpc-errors" "^6.0.0"
    "@metamask/safe-event-emitter" "^3.0.0"
    "@metamask/utils" "^8.1.0"
    detect-browser "^5.2.0"
    extension-port-stream "^3.0.0"
    fast-deep-equal "^3.1.3"
    is-stream "^2.0.0"
    json-rpc-middleware-stream "^5.0.1"
    readable-stream "^3.6.2"
    webextension-polyfill "^0.10.0"

"@metamask/rpc-errors@^6.0.0", "@metamask/rpc-errors@^6.1.0":
  version "6.1.0"
  resolved "https://registry.yarnpkg.com/@metamask/rpc-errors/-/rpc-errors-6.1.0.tgz#dfdef7cba4b9ad01ca3f99e990b5980575b89b4f"
  integrity sha512-JQElKxai26FpDyRKO/yH732wI+BV90i1u6pOuDOpdADSbppB2g1pPh3AGST1zkZqEE9eIKIUw8UdBQ4rp3VTSg==
  dependencies:
    "@metamask/utils" "^8.1.0"
    fast-safe-stringify "^2.0.6"

"@metamask/safe-event-emitter@^3.0.0":
  version "3.0.0"
  resolved "https://registry.yarnpkg.com/@metamask/safe-event-emitter/-/safe-event-emitter-3.0.0.tgz#8c2b9073fe0722d48693143b0dc8448840daa3bd"
  integrity sha512-j6Z47VOmVyGMlnKXZmL0fyvWfEYtKWCA9yGZkU3FCsGZUT5lHGmvaV9JA5F2Y+010y7+ROtR3WMXIkvl/nVzqQ==

"@metamask/utils@^8.1.0", "@metamask/utils@^8.2.0":
  version "8.2.1"
  resolved "https://registry.yarnpkg.com/@metamask/utils/-/utils-8.2.1.tgz#2f8b60c3b3c49423ca9d15061bb797464440e385"
  integrity sha512-dlnpow8r0YHDDL1xKCEwUoTGOAo9icdv+gaJG0EbgDnkD/BDqW2eH1XMtm9i7rPaiHWo/aLtcrh9WBhkCq/viw==
  dependencies:
    "@ethereumjs/tx" "^4.2.0"
    "@noble/hashes" "^1.3.1"
    "@scure/base" "^1.1.3"
    "@types/debug" "^4.1.7"
    debug "^4.3.4"
    pony-cause "^2.1.10"
    semver "^7.5.4"
    superstruct "^1.0.3"

"@noble/curves@1.1.0", "@noble/curves@~1.1.0":
  version "1.1.0"
  resolved "https://registry.yarnpkg.com/@noble/curves/-/curves-1.1.0.tgz#f13fc667c89184bc04cccb9b11e8e7bae27d8c3d"
  integrity sha512-091oBExgENk/kGj3AZmtBDMpxQPDtxQABR2B9lb1JbVTs6ytdzZNwvhxQ4MWasRNEzlbEH8jCWFCwhF/Obj5AA==
  dependencies:
    "@noble/hashes" "1.3.1"

"@noble/curves@^1.2.0":
  version "1.2.0"
  resolved "https://registry.yarnpkg.com/@noble/curves/-/curves-1.2.0.tgz#92d7e12e4e49b23105a2555c6984d41733d65c35"
  integrity sha512-oYclrNgRaM9SsBUBVbb8M6DTV7ZHRTKugureoYEncY5c65HOmRzvSiTE3y5CYaPYJA/GVkrhXEoF0M3Ya9PMnw==
  dependencies:
    "@noble/hashes" "1.3.2"

"@noble/hashes@1.3.1":
  version "1.3.1"
  resolved "https://registry.yarnpkg.com/@noble/hashes/-/hashes-1.3.1.tgz#8831ef002114670c603c458ab8b11328406953a9"
  integrity sha512-EbqwksQwz9xDRGfDST86whPBgM65E0OH/pCgqW0GBVzO22bNE+NuIbeTb714+IfSjU3aRk47EUvXIb5bTsenKA==

"@noble/hashes@1.3.2", "@noble/hashes@^1.3.1", "@noble/hashes@^1.3.2", "@noble/hashes@~1.3.0", "@noble/hashes@~1.3.1":
  version "1.3.2"
  resolved "https://registry.yarnpkg.com/@noble/hashes/-/hashes-1.3.2.tgz#6f26dbc8fbc7205873ce3cee2f690eba0d421b39"
  integrity sha512-MVC8EAQp7MvEcm30KWENFjgR+Mkmf+D189XJTkFIlwohU5hcBbn1ZkKq7KVTi2Hme3PMGF390DaL52beVrIihQ==

"@polkadot/extension-inject@0.34.0-beta.12":
  version "0.34.0-beta.12"
  resolved "https://registry.yarnpkg.com/@polkadot/extension-inject/-/extension-inject-0.34.0-beta.12.tgz#b3aa8c61c8a03b95bc3da9df74992bfcee71c3a8"
  integrity sha512-MKsJxpdSi2VxnEsD0ZfIug4PNr2oh4vc3UxfmuSyOvrFSAFzbzN08ZH1Xq+DTrxxH1nU1wFYSYe3h+O2AKPpBA==
  dependencies:
    "@babel/runtime" "^7.11.2"

"@polkadot/keyring@^12.5.1":
  version "12.5.1"
  resolved "https://registry.yarnpkg.com/@polkadot/keyring/-/keyring-12.5.1.tgz#2f38504aa915f54bbd265f3793a6be55010eb1f5"
  integrity sha512-u6b+Q7wI6WY/vwmJS9uUHy/5hKZ226nTlVNmxjkj9GvrRsQvUSwS94163yHPJwiZJiIv5xK5m0rwCMyoYu+wjA==
  dependencies:
    "@polkadot/util" "12.5.1"
    "@polkadot/util-crypto" "12.5.1"
    tslib "^2.6.2"

"@polkadot/networks@12.5.1", "@polkadot/networks@^12.5.1":
  version "12.5.1"
  resolved "https://registry.yarnpkg.com/@polkadot/networks/-/networks-12.5.1.tgz#685c69d24d78a64f4e750609af22678d57fe1192"
  integrity sha512-PP6UUdzz6iHHZH4q96cUEhTcydHj16+61sqeaYEJSF6Q9iY+5WVWQ26+rdjmre/EBdrMQkSS/CKy73mO5z/JkQ==
  dependencies:
    "@polkadot/util" "12.5.1"
    "@substrate/ss58-registry" "^1.43.0"
    tslib "^2.6.2"

"@polkadot/react-identicon@^3.6.3":
  version "3.6.3"
  resolved "https://registry.yarnpkg.com/@polkadot/react-identicon/-/react-identicon-3.6.3.tgz#4a44688ad55045ead3f4109b8be417a5ee649c03"
  integrity sha512-6VfaYEtwnbgszvzIwRpEkE6pMHbuIwUS+aLKJDL02wjFUkJBy7YFfOtJf2WrKt863MpxiLZ+7Y5GRnHJI8Vw7A==
  dependencies:
    "@polkadot/keyring" "^12.5.1"
    "@polkadot/ui-settings" "3.6.3"
    "@polkadot/ui-shared" "3.6.3"
    "@polkadot/util" "^12.5.1"
    "@polkadot/util-crypto" "^12.5.1"
    ethereum-blockies-base64 "^1.0.2"
    jdenticon "3.2.0"
    react-copy-to-clipboard "^5.1.0"
    styled-components "^6.0.8"
    tslib "^2.6.2"

"@polkadot/ui-settings@3.6.3":
  version "3.6.3"
  resolved "https://registry.yarnpkg.com/@polkadot/ui-settings/-/ui-settings-3.6.3.tgz#3e98ccdacae85d5b6086d2d21b2373b59af13ae3"
  integrity sha512-a1nUL1qXfX0mDdauhfkwVeob4xaqEEnNbyznfAg/5QdisU7LHAKqJgEuIda6T6XT2bTtTwCkBcE8TYASMv5cpA==
  dependencies:
    "@polkadot/networks" "^12.5.1"
    "@polkadot/util" "^12.5.1"
    eventemitter3 "^5.0.1"
    store "^2.0.12"
    tslib "^2.6.2"

"@polkadot/ui-shared@3.6.3":
  version "3.6.3"
  resolved "https://registry.yarnpkg.com/@polkadot/ui-shared/-/ui-shared-3.6.3.tgz#4e0f8f62cc8d80779129c0961c9362551c0a0388"
  integrity sha512-dh1k9iItpsam+dDNMR987/fqnM50hzI4nXujGfbAl/JY83rAtHE3CyDR3BUv7R0AisAZX4OM0DfopiOnWdC4xg==
  dependencies:
    colord "^2.9.3"
    tslib "^2.6.2"

"@polkadot/util-crypto@12.5.1", "@polkadot/util-crypto@^12.5.1":
  version "12.5.1"
  resolved "https://registry.yarnpkg.com/@polkadot/util-crypto/-/util-crypto-12.5.1.tgz#1753b23abfb9d72db950399ef65b0cbe5bef9f2f"
  integrity sha512-Y8ORbMcsM/VOqSG3DgqutRGQ8XXK+X9M3C8oOEI2Tji65ZsXbh9Yh+ryPLM0oBp/9vqOXjkLgZJbbVuQceOw0A==
  dependencies:
    "@noble/curves" "^1.2.0"
    "@noble/hashes" "^1.3.2"
    "@polkadot/networks" "12.5.1"
    "@polkadot/util" "12.5.1"
    "@polkadot/wasm-crypto" "^7.2.2"
    "@polkadot/wasm-util" "^7.2.2"
    "@polkadot/x-bigint" "12.5.1"
    "@polkadot/x-randomvalues" "12.5.1"
    "@scure/base" "^1.1.3"
    tslib "^2.6.2"

"@polkadot/util@12.5.1", "@polkadot/util@^12.5.1":
  version "12.5.1"
  resolved "https://registry.yarnpkg.com/@polkadot/util/-/util-12.5.1.tgz#f4e7415600b013d3b69527aa88904acf085be3f5"
  integrity sha512-fDBZL7D4/baMG09Qowseo884m3QBzErGkRWNBId1UjWR99kyex+cIY9fOSzmuQxo6nLdJlLHw1Nz2caN3+Bq0A==
  dependencies:
    "@polkadot/x-bigint" "12.5.1"
    "@polkadot/x-global" "12.5.1"
    "@polkadot/x-textdecoder" "12.5.1"
    "@polkadot/x-textencoder" "12.5.1"
    "@types/bn.js" "^5.1.1"
    bn.js "^5.2.1"
    tslib "^2.6.2"

"@polkadot/wasm-bridge@7.2.2":
  version "7.2.2"
  resolved "https://registry.yarnpkg.com/@polkadot/wasm-bridge/-/wasm-bridge-7.2.2.tgz#957b82b17927fe080729e8930b5b5c554f77b8df"
  integrity sha512-CgNENd65DVYtackOVXXRA0D1RPoCv5+77IdBCf7kNqu6LeAnR4nfTI6qjaApUdN1xRweUsQjSH7tu7VjkMOA0A==
  dependencies:
    "@polkadot/wasm-util" "7.2.2"
    tslib "^2.6.1"

"@polkadot/wasm-crypto-asmjs@7.2.2":
  version "7.2.2"
  resolved "https://registry.yarnpkg.com/@polkadot/wasm-crypto-asmjs/-/wasm-crypto-asmjs-7.2.2.tgz#25243a4d5d8d997761141b616623cacff4329f13"
  integrity sha512-wKg+cpsWQCTSVhjlHuNeB/184rxKqY3vaklacbLOMbUXieIfuDBav5PJdzS3yeiVE60TpYaHW4iX/5OYHS82gg==
  dependencies:
    tslib "^2.6.1"

"@polkadot/wasm-crypto-init@7.2.2":
  version "7.2.2"
  resolved "https://registry.yarnpkg.com/@polkadot/wasm-crypto-init/-/wasm-crypto-init-7.2.2.tgz#ffd105b87fc1b679c06c85c0848183c27bc539e3"
  integrity sha512-vD4iPIp9x+SssUIWUenxWLPw4BVIwhXHNMpsV81egK990tvpyIxL205/EF5QRb1mKn8WfWcNFm5tYwwh9NdnnA==
  dependencies:
    "@polkadot/wasm-bridge" "7.2.2"
    "@polkadot/wasm-crypto-asmjs" "7.2.2"
    "@polkadot/wasm-crypto-wasm" "7.2.2"
    "@polkadot/wasm-util" "7.2.2"
    tslib "^2.6.1"

"@polkadot/wasm-crypto-wasm@7.2.2":
  version "7.2.2"
  resolved "https://registry.yarnpkg.com/@polkadot/wasm-crypto-wasm/-/wasm-crypto-wasm-7.2.2.tgz#9e49a1565bda2bc830708693b491b37ad8a2144d"
  integrity sha512-3efoIB6jA3Hhv6k0YIBwCtlC8gCSWCk+R296yIXRLLr3cGN415KM/PO/d1JIXYI64lbrRzWRmZRhllw3jf6Atg==
  dependencies:
    "@polkadot/wasm-util" "7.2.2"
    tslib "^2.6.1"

"@polkadot/wasm-crypto@^7.2.2":
  version "7.2.2"
  resolved "https://registry.yarnpkg.com/@polkadot/wasm-crypto/-/wasm-crypto-7.2.2.tgz#3c4b300c0997f4f7e2ddcdf8101d97fa1f5d1a7f"
  integrity sha512-1ZY1rxUTawYm0m1zylvBMFovNIHYgG2v/XoASNp/EMG5c8FQIxCbhJRaTBA983GVq4lN/IAKREKEp9ZbLLqssA==
  dependencies:
    "@polkadot/wasm-bridge" "7.2.2"
    "@polkadot/wasm-crypto-asmjs" "7.2.2"
    "@polkadot/wasm-crypto-init" "7.2.2"
    "@polkadot/wasm-crypto-wasm" "7.2.2"
    "@polkadot/wasm-util" "7.2.2"
    tslib "^2.6.1"

"@polkadot/wasm-util@7.2.2", "@polkadot/wasm-util@^7.2.2":
  version "7.2.2"
  resolved "https://registry.yarnpkg.com/@polkadot/wasm-util/-/wasm-util-7.2.2.tgz#f8aa62eba9a35466aa23f3c5634f3e8dbd398bbf"
  integrity sha512-N/25960ifCc56sBlJZ2h5UBpEPvxBmMLgwYsl7CUuT+ea2LuJW9Xh8VHDN/guYXwmm92/KvuendYkEUykpm/JQ==
  dependencies:
    tslib "^2.6.1"

"@polkadot/x-bigint@12.5.1":
  version "12.5.1"
  resolved "https://registry.yarnpkg.com/@polkadot/x-bigint/-/x-bigint-12.5.1.tgz#0a6a3a34fae51468e7b02b42e0ff0747fd88a80a"
  integrity sha512-Fw39eoN9v0sqxSzfSC5awaDVdzojIiE7d1hRSQgVSrES+8whWvtbYMR0qwbVhTuW7DvogHmye41P9xKMlXZysg==
  dependencies:
    "@polkadot/x-global" "12.5.1"
    tslib "^2.6.2"

"@polkadot/x-global@12.5.1":
  version "12.5.1"
  resolved "https://registry.yarnpkg.com/@polkadot/x-global/-/x-global-12.5.1.tgz#947bb90e0c46c853ffe216dd6dcb6847d5c18a98"
  integrity sha512-6K0YtWEg0eXInDOihU5aSzeb1t9TiDdX9ZuRly+58ALSqw5kPZYmQLbzE1d8HWzyXRXK+YH65GtLzfMGqfYHmw==
  dependencies:
    tslib "^2.6.2"

"@polkadot/x-randomvalues@12.5.1":
  version "12.5.1"
  resolved "https://registry.yarnpkg.com/@polkadot/x-randomvalues/-/x-randomvalues-12.5.1.tgz#b30c6fa8749f5776f1d8a78b6edddb9b0f9c2853"
  integrity sha512-UsMb1d+77EPNjW78BpHjZLIm4TaIpfqq89OhZP/6gDIoS2V9iE/AK3jOWKm1G7Y2F8XIoX1qzQpuMakjfagFoQ==
  dependencies:
    "@polkadot/x-global" "12.5.1"
    tslib "^2.6.2"

"@polkadot/x-textdecoder@12.5.1":
  version "12.5.1"
  resolved "https://registry.yarnpkg.com/@polkadot/x-textdecoder/-/x-textdecoder-12.5.1.tgz#8d89d2b5efbffb2550a48f8afb4a834e1d8d4f6e"
  integrity sha512-j2YZGWfwhMC8nHW3BXq10fAPY02ObLL/qoTjCMJ1Cmc/OGq18Ep7k9cXXbjFAq3wf3tUUewt/u/hStKCk3IvfQ==
  dependencies:
    "@polkadot/x-global" "12.5.1"
    tslib "^2.6.2"

"@polkadot/x-textencoder@12.5.1":
  version "12.5.1"
  resolved "https://registry.yarnpkg.com/@polkadot/x-textencoder/-/x-textencoder-12.5.1.tgz#9104e37a60068df2fbf57c81a7ce48669430c76c"
  integrity sha512-1JNNpOGb4wD+c7zFuOqjibl49LPnHNr4rj4s3WflLUIZvOMY6euoDuN3ISjQSHCLlVSoH0sOCWA3qXZU4bCTDQ==
  dependencies:
    "@polkadot/x-global" "12.5.1"
    tslib "^2.6.2"

"@scure/base@^1.1.3", "@scure/base@~1.1.0":
  version "1.1.3"
  resolved "https://registry.yarnpkg.com/@scure/base/-/base-1.1.3.tgz#8584115565228290a6c6c4961973e0903bb3df2f"
  integrity sha512-/+SgoRjLq7Xlf0CWuLHq2LUZeL/w65kfzAPG5NH9pcmBhs+nunQTn4gvdwgMTIXnt9b2C/1SeL2XiysZEyIC9Q==

"@scure/bip32@1.3.1":
  version "1.3.1"
  resolved "https://registry.yarnpkg.com/@scure/bip32/-/bip32-1.3.1.tgz#7248aea723667f98160f593d621c47e208ccbb10"
  integrity sha512-osvveYtyzdEVbt3OfwwXFr4P2iVBL5u1Q3q4ONBfDY/UpOuXmOlbgwc1xECEboY8wIays8Yt6onaWMUdUbfl0A==
  dependencies:
    "@noble/curves" "~1.1.0"
    "@noble/hashes" "~1.3.1"
    "@scure/base" "~1.1.0"

"@scure/bip39@1.2.1":
  version "1.2.1"
  resolved "https://registry.yarnpkg.com/@scure/bip39/-/bip39-1.2.1.tgz#5cee8978656b272a917b7871c981e0541ad6ac2a"
  integrity sha512-Z3/Fsz1yr904dduJD0NpiyRHhRYHdcnyh73FZWiV+/qhWi83wNJ3NWolYqCEN+ZWsUz2TWwajJggcRE9r1zUYg==
  dependencies:
    "@noble/hashes" "~1.3.0"
    "@scure/base" "~1.1.0"

"@substrate/ss58-registry@^1.43.0":
  version "1.44.0"
  resolved "https://registry.yarnpkg.com/@substrate/ss58-registry/-/ss58-registry-1.44.0.tgz#54f214e2a44f450b7bbc9252891c1879a54e0606"
  integrity sha512-7lQ/7mMCzVNSEfDS4BCqnRnKCFKpcOaPrxMeGTXHX1YQzM/m2BBHjbK2C3dJvjv7GYxMiaTq/HdWQj1xS6ss+A==

"@types/bn.js@^5.1.1":
  version "5.1.5"
  resolved "https://registry.yarnpkg.com/@types/bn.js/-/bn.js-5.1.5.tgz#2e0dacdcce2c0f16b905d20ff87aedbc6f7b4bf0"
  integrity sha512-V46N0zwKRF5Q00AZ6hWtN0T8gGmDUaUzLWQvHFo5yThtVwK/VCenFY3wXVbOvNfajEpsTfQM4IN9k/d6gUVX3A==
  dependencies:
    "@types/node" "*"

"@types/debug@^4.1.7":
  version "4.1.12"
  resolved "https://registry.yarnpkg.com/@types/debug/-/debug-4.1.12.tgz#a155f21690871953410df4b6b6f53187f0500917"
  integrity sha512-vIChWdVG3LG1SMxEvI/AK+FWJthlrqlTu7fbrlywTkkaONwk/UAGaULXRlf8vkzFBLVm0zkMdCquhL5aOjhXPQ==
  dependencies:
    "@types/ms" "*"

"@types/ms@*":
  version "0.7.34"
  resolved "https://registry.yarnpkg.com/@types/ms/-/ms-0.7.34.tgz#10964ba0dee6ac4cd462e2795b6bebd407303433"
  integrity sha512-nG96G3Wp6acyAgJqGasjODb+acrI7KltPiRxzHPXnP3NgI28bpQDRv53olbqGXbfcgF5aiiHmO3xpwEpS5Ld9g==

"@types/node@*":
  version "20.9.0"
  resolved "https://registry.yarnpkg.com/@types/node/-/node-20.9.0.tgz#bfcdc230583aeb891cf51e73cfdaacdd8deae298"
  integrity sha512-nekiGu2NDb1BcVofVcEKMIwzlx4NjHlcjhoxxKBNLtz15Y1z7MYf549DFvkHSId02Ax6kGwWntIBPC3l/JZcmw==
  dependencies:
    undici-types "~5.26.4"

"@types/stylis@^4.0.2":
  version "4.2.3"
  resolved "https://registry.yarnpkg.com/@types/stylis/-/stylis-4.2.3.tgz#0dff504fc23487a02a29209b162249070e83a0da"
  integrity sha512-86XLCVEmWagiUEbr2AjSbeY4qHN9jMm3pgM3PuBYfLIbT0MpDSnA3GA/4W7KoH/C/eeK77kNaeIxZzjhKYIBgw==

abort-controller@^3.0.0:
  version "3.0.0"
  resolved "https://registry.yarnpkg.com/abort-controller/-/abort-controller-3.0.0.tgz#eaf54d53b62bae4138e809ca225c8439a6efb392"
  integrity sha512-h8lQ8tacZYnR3vNQTgibj+tODHI5/+l06Au2Pcriv/Gmet0eaj4TwWH41sO9wnHDiQsEj19q0drzdWdeAHtweg==
  dependencies:
    event-target-shim "^5.0.0"

base64-js@^1.3.1:
  version "1.5.1"
  resolved "https://registry.yarnpkg.com/base64-js/-/base64-js-1.5.1.tgz#1b1b440160a5bf7ad40b650f095963481903930a"
  integrity sha512-AKpaYlHn8t4SVbOHCy+b5+KKgvR4vrsD8vbvrbiQJps7fKDTkjkDry6ji0rUJjC0kzbNePLwzxq8iypo41qeWA==

bn.js@^5.2.1:
  version "5.2.1"
  resolved "https://registry.yarnpkg.com/bn.js/-/bn.js-5.2.1.tgz#0bc527a6a0d18d0aa8d5b0538ce4a77dccfa7b70"
  integrity sha512-eXRvHzWyYPBuB4NBy0cmYQjGitUrtqwbvlzP3G6VFnNRbsZQIxQ10PbKKHt8gZ/HW/D/747aDl+QkDqg3KQLMQ==

buffer@^6.0.3:
  version "6.0.3"
  resolved "https://registry.yarnpkg.com/buffer/-/buffer-6.0.3.tgz#2ace578459cc8fbe2a70aaa8f52ee63b6a74c6c6"
  integrity sha512-FTiCpNxtwiZZHEZbcbTIcZjERVICn9yq/pDFkTl95/AxzD1naBctN7YO68riM/gLSDY7sdrMby8hofADYuuqOA==
  dependencies:
    base64-js "^1.3.1"
    ieee754 "^1.2.1"

camelize@^1.0.0:
  version "1.0.1"
  resolved "https://registry.yarnpkg.com/camelize/-/camelize-1.0.1.tgz#89b7e16884056331a35d6b5ad064332c91daa6c3"
  integrity sha512-dU+Tx2fsypxTgtLoE36npi3UqcjSSMNYfkqgmoEhtZrraP5VWq0K7FkWVTYa8eMPtnU/G2txVsfdCJTn9uzpuQ==

canvas-renderer@~2.2.0:
  version "2.2.1"
  resolved "https://registry.yarnpkg.com/canvas-renderer/-/canvas-renderer-2.2.1.tgz#c1d131f78a9799aca8af9679ad0a005052b65550"
  integrity sha512-RrBgVL5qCEDIXpJ6NrzyRNoTnXxYarqm/cS/W6ERhUJts5UQtt/XPEosGN3rqUkZ4fjBArlnCbsISJ+KCFnIAg==
  dependencies:
    "@types/node" "*"

colord@^2.9.3:
  version "2.9.3"
  resolved "https://registry.yarnpkg.com/colord/-/colord-2.9.3.tgz#4f8ce919de456f1d5c1c368c307fe20f3e59fb43"
  integrity sha512-jeC1axXpnb0/2nn/Y1LPuLdgXBLH7aDcHu4KEKfqw3CUhX7ZpfBSlPKyqXE6btIgEzfWtrX3/tyBCaCvXvMkOw==

copy-to-clipboard@^3.3.1:
  version "3.3.3"
  resolved "https://registry.yarnpkg.com/copy-to-clipboard/-/copy-to-clipboard-3.3.3.tgz#55ac43a1db8ae639a4bd99511c148cdd1b83a1b0"
  integrity sha512-2KV8NhB5JqC3ky0r9PMCAZKbUHSwtEo4CwCs0KXgruG43gX5PMqDEBbVU4OUzw2MuAWUfsuFmWvEKG5QRfSnJA==
  dependencies:
    toggle-selection "^1.0.6"

crc-32@^1.2.0:
  version "1.2.2"
  resolved "https://registry.yarnpkg.com/crc-32/-/crc-32-1.2.2.tgz#3cad35a934b8bf71f25ca524b6da51fb7eace2ff"
  integrity sha512-ROmzCKrTnOwybPcJApAA6WBWij23HVfGVNKqqrZpuyZOHqK2CwHSvpGuyt/UNNvaIjEd8X5IFGp4Mh+Ie1IHJQ==

css-color-keywords@^1.0.0:
  version "1.0.0"
  resolved "https://registry.yarnpkg.com/css-color-keywords/-/css-color-keywords-1.0.0.tgz#fea2616dc676b2962686b3af8dbdbe180b244e05"
  integrity sha512-FyyrDHZKEjXDpNJYvVsV960FiqQyXc/LlYmsxl2BcdMb2WPx0OGRVgTg55rPSyLSNMqP52R9r8geSp7apN3Ofg==

css-to-react-native@^3.2.0:
  version "3.2.0"
  resolved "https://registry.yarnpkg.com/css-to-react-native/-/css-to-react-native-3.2.0.tgz#cdd8099f71024e149e4f6fe17a7d46ecd55f1e32"
  integrity sha512-e8RKaLXMOFii+02mOlqwjbD00KSEKqblnpO9e++1aXS1fPQOpS1YoqdVHBqPjHNoxeF2mimzVqawm2KCbEdtHQ==
  dependencies:
    camelize "^1.0.0"
    css-color-keywords "^1.0.0"
    postcss-value-parser "^4.0.2"

csstype@^3.1.2:
  version "3.1.2"
  resolved "https://registry.yarnpkg.com/csstype/-/csstype-3.1.2.tgz#1d4bf9d572f11c14031f0436e1c10bc1f571f50b"
  integrity sha512-I7K1Uu0MBPzaFKg4nI5Q7Vs2t+3gWWW648spaF+Rg7pI9ds18Ugn+lvg4SHczUdKlHI5LWBXyqfS8+DufyBsgQ==

debug@^4.3.4:
  version "4.3.4"
  resolved "https://registry.yarnpkg.com/debug/-/debug-4.3.4.tgz#1319f6579357f2338d3337d2cdd4914bb5dcc865"
  integrity sha512-PRWFHuSU3eDtQJPvnNY7Jcket1j0t5OuOsFzPPzsekD52Zl8qUfFIPEiswXqIvHWGVHOgX+7G/vCNNhehwxfkQ==
  dependencies:
    ms "2.1.2"

detect-browser@^5.2.0:
  version "5.3.0"
  resolved "https://registry.yarnpkg.com/detect-browser/-/detect-browser-5.3.0.tgz#9705ef2bddf46072d0f7265a1fe300e36fe7ceca"
  integrity sha512-53rsFbGdwMwlF7qvCt0ypLM5V5/Mbl0szB7GPN8y9NCcbknYOeVVXdrXEq+90IwAfrrzt6Hd+u2E2ntakICU8w==

ethereum-blockies-base64@^1.0.2:
  version "1.0.2"
  resolved "https://registry.yarnpkg.com/ethereum-blockies-base64/-/ethereum-blockies-base64-1.0.2.tgz#4aebca52142bf4d16a3144e6e2b59303e39ed2b3"
  integrity sha512-Vg2HTm7slcWNKaRhCUl/L3b4KrB8ohQXdd5Pu3OI897EcR6tVRvUqdTwAyx+dnmoDzj8e2bwBLDQ50ByFmcz6w==
  dependencies:
    pnglib "0.0.1"

ethereum-cryptography@^2.0.0:
  version "2.1.2"
  resolved "https://registry.yarnpkg.com/ethereum-cryptography/-/ethereum-cryptography-2.1.2.tgz#18fa7108622e56481157a5cb7c01c0c6a672eb67"
  integrity sha512-Z5Ba0T0ImZ8fqXrJbpHcbpAvIswRte2wGNR/KePnu8GbbvgJ47lMxT/ZZPG6i9Jaht4azPDop4HaM00J0J59ug==
  dependencies:
    "@noble/curves" "1.1.0"
    "@noble/hashes" "1.3.1"
    "@scure/bip32" "1.3.1"
    "@scure/bip39" "1.2.1"

event-target-shim@^5.0.0:
  version "5.0.1"
  resolved "https://registry.yarnpkg.com/event-target-shim/-/event-target-shim-5.0.1.tgz#5d4d3ebdf9583d63a5333ce2deb7480ab2b05789"
  integrity sha512-i/2XbnSz/uxRCU6+NdVJgKWDTM427+MqYbkQzD321DuCQJUqOuJKIA0IM2+W2xtYHdKOmZ4dR6fExsd4SXL+WQ==

eventemitter3@^5.0.1:
  version "5.0.1"
  resolved "https://registry.yarnpkg.com/eventemitter3/-/eventemitter3-5.0.1.tgz#53f5ffd0a492ac800721bb42c66b841de96423c4"
  integrity sha512-GWkBvjiSZK87ELrYOSESUYeVIc9mvLLf/nXalMOS5dYrgZq9o5OVkbZAVM06CVxYsCwH9BDZFPlQTlPA1j4ahA==

events@^3.3.0:
  version "3.3.0"
  resolved "https://registry.yarnpkg.com/events/-/events-3.3.0.tgz#31a95ad0a924e2d2c419a813aeb2c4e878ea7400"
  integrity sha512-mQw+2fkQbALzQ7V0MY0IqdnXNOeTtP4r0lN9z7AAawCXgqea7bDii20AYrIBrFd/Hx0M2Ocz6S111CaFkUcb0Q==

extension-port-stream@^3.0.0:
  version "3.0.0"
  resolved "https://registry.yarnpkg.com/extension-port-stream/-/extension-port-stream-3.0.0.tgz#00a7185fe2322708a36ed24843c81bd754925fef"
  integrity sha512-an2S5quJMiy5bnZKEf6AkfH/7r8CzHvhchU40gxN+OM6HPhe7Z9T1FUychcf2M9PpPOO0Hf7BAEfJkw2TDIBDw==
  dependencies:
    readable-stream "^3.6.2 || ^4.4.2"
    webextension-polyfill ">=0.10.0 <1.0"

fast-deep-equal@^3.1.3:
  version "3.1.3"
  resolved "https://registry.yarnpkg.com/fast-deep-equal/-/fast-deep-equal-3.1.3.tgz#3a7d56b559d6cbc3eb512325244e619a65c6c525"
  integrity sha512-f3qQ9oQy9j2AhBe/H9VC91wLmKBCCU/gDOnKNAYG5hswO7BLKj09Hc5HYNz9cGI++xlpDCIgDaitVs03ATR84Q==

fast-safe-stringify@^2.0.6:
  version "2.1.1"
  resolved "https://registry.yarnpkg.com/fast-safe-stringify/-/fast-safe-stringify-2.1.1.tgz#c406a83b6e70d9e35ce3b30a81141df30aeba884"
  integrity sha512-W+KJc2dmILlPplD/H4K9l9LcAHAfPtP6BY84uVLXQ6Evcz9Lcg33Y2z1IVblT6xdY54PXYVHEv+0Wpq8Io6zkA==

ieee754@^1.2.1:
  version "1.2.1"
  resolved "https://registry.yarnpkg.com/ieee754/-/ieee754-1.2.1.tgz#8eb7a10a63fff25d15a57b001586d177d1b0d352"
  integrity sha512-dcyqhDvX1C46lXZcVqCpK+FtMRQVdIMN6/Df5js2zouUsqG7I6sFxitIC+7KYK29KdXOLHdu9zL4sFnoVQnqaA==

inherits@^2.0.3:
  version "2.0.4"
  resolved "https://registry.yarnpkg.com/inherits/-/inherits-2.0.4.tgz#0fa2c64f932917c3433a0ded55363aae37416b7c"
  integrity sha512-k/vGaX4/Yla3WzyMCvTQOXYeIHvqOKtnqBduzTHpzpQZzAskKMhZ2K+EnBiSM9zGSoIFeMpXKxa4dYeZIQqewQ==

is-stream@^2.0.0:
  version "2.0.1"
  resolved "https://registry.yarnpkg.com/is-stream/-/is-stream-2.0.1.tgz#fac1e3d53b97ad5a9d0ae9cef2389f5810a5c077"
  integrity sha512-hFoiJiTl63nn+kstHGBtewWSKnQLpyb155KHheA1l39uvtO9nWIop1p3udqPcUd/xbF1VLMO4n7OI6p7RbngDg==

jdenticon@3.2.0:
  version "3.2.0"
  resolved "https://registry.yarnpkg.com/jdenticon/-/jdenticon-3.2.0.tgz#b5b9ef413cb66f70c600d6e69a764c977f248a46"
  integrity sha512-z6Iq3fTODUMSOiR2nNYrqigS6Y0GvdXfyQWrUby7htDHvX7GNEwaWR4hcaL+FmhEgBe08Xkup/BKxXQhDJByPA==
  dependencies:
    canvas-renderer "~2.2.0"

"js-tokens@^3.0.0 || ^4.0.0":
  version "4.0.0"
  resolved "https://registry.yarnpkg.com/js-tokens/-/js-tokens-4.0.0.tgz#19203fb59991df98e3a287050d4647cdeaf32499"
  integrity sha512-RdJUflcE3cUzKiMqQgsCu06FPu9UdIJO0beYbPhHN4k6apgJtifcoCtT9bcxOpYBtpD2kCM6Sbzg4CausW/PKQ==

json-rpc-middleware-stream@^5.0.1:
  version "5.0.1"
  resolved "https://registry.yarnpkg.com/json-rpc-middleware-stream/-/json-rpc-middleware-stream-5.0.1.tgz#9a5984b4dfe6ccf4f51c648e9327dbe3abf88860"
  integrity sha512-PMrzifccjdilqU0xftUkusJq0J9O73q66YdVduEmu6vkiTh3V1akliYJGWBAbhg+vhFPC8btUSANa5FNo7a6bg==
  dependencies:
    "@metamask/json-rpc-engine" "^7.1.1"
    "@metamask/safe-event-emitter" "^3.0.0"
    "@metamask/utils" "^8.1.0"
    readable-stream "^3.6.2"

loose-envify@^1.4.0:
  version "1.4.0"
  resolved "https://registry.yarnpkg.com/loose-envify/-/loose-envify-1.4.0.tgz#71ee51fa7be4caec1a63839f7e682d8132d30caf"
  integrity sha512-lyuxPGr/Wfhrlem2CL/UcnUc1zcqKAImBDzukY7Y5F/yQiNdko6+fRLevlw1HgMySw7f611UIY408EtxRSoK3Q==
  dependencies:
    js-tokens "^3.0.0 || ^4.0.0"

lru-cache@^6.0.0:
  version "6.0.0"
  resolved "https://registry.yarnpkg.com/lru-cache/-/lru-cache-6.0.0.tgz#6d6fe6570ebd96aaf90fcad1dafa3b2566db3a94"
  integrity sha512-Jo6dJ04CmSjuznwJSS3pUeWmd/H0ffTlkXXgwZi+eq1UCmqQwCh+eLsYOYCwY991i2Fah4h1BEMCx4qThGbsiA==
  dependencies:
    yallist "^4.0.0"

micro-ftch@^0.3.1:
  version "0.3.1"
  resolved "https://registry.yarnpkg.com/micro-ftch/-/micro-ftch-0.3.1.tgz#6cb83388de4c1f279a034fb0cf96dfc050853c5f"
  integrity sha512-/0LLxhzP0tfiR5hcQebtudP56gUurs2CLkGarnCiB/OqEyUFQ6U3paQi/tgLv0hBJYt2rnr9MNpxz4fiiugstg==

ms@2.1.2:
  version "2.1.2"
  resolved "https://registry.yarnpkg.com/ms/-/ms-2.1.2.tgz#d09d1f357b443f493382a8eb3ccd183872ae6009"
  integrity sha512-sGkPx+VjMtmA6MX27oA4FBFELFCZZ4S4XqeGOXCv68tT+jb3vk/RyaKWP0PTKyWtmLSM0b+adUTEvbs1PEaH2w==

nanoid@^3.3.6:
  version "3.3.7"
  resolved "https://registry.yarnpkg.com/nanoid/-/nanoid-3.3.7.tgz#d0c301a691bc8d54efa0a2226ccf3fe2fd656bd8"
  integrity sha512-eSRppjcPIatRIMC1U6UngP8XFcz8MQWGQdt1MTBQ7NaAmvXDfvNxbvWV3x2y6CdEUciCSsDHDQZbhYaB8QEo2g==

object-assign@^4.1.1:
  version "4.1.1"
  resolved "https://registry.yarnpkg.com/object-assign/-/object-assign-4.1.1.tgz#2109adc7965887cfc05cbbd442cac8bfbb360863"
  integrity sha512-rJgTQnkUnH1sFw8yT6VSU3zD3sWmu6sZhIseY8VX+GRu3P6F7Fu+JNDoXfklElbLJSnc3FUQHVe4cU5hj+BcUg==

once@^1.4.0:
  version "1.4.0"
  resolved "https://registry.yarnpkg.com/once/-/once-1.4.0.tgz#583b1aa775961d4b113ac17d9c50baef9dd76bd1"
  integrity sha512-lNaJgI+2Q5URQBkccEKHTQOPaXdUxnZZElQTZY0MFUAuaEqe1E+Nyvgdz/aIyNi6Z9MzO5dv1H8n58/GELp3+w==
  dependencies:
    wrappy "1"

picocolors@^1.0.0:
  version "1.0.0"
  resolved "https://registry.yarnpkg.com/picocolors/-/picocolors-1.0.0.tgz#cb5bdc74ff3f51892236eaf79d68bc44564ab81c"
  integrity sha512-1fygroTLlHu66zi26VoTDv8yRgm0Fccecssto+MhsZ0D/DGW2sm8E8AjW7NU5VVTRt5GxbeZ5qBuJr+HyLYkjQ==

pnglib@0.0.1:
  version "0.0.1"
  resolved "https://registry.yarnpkg.com/pnglib/-/pnglib-0.0.1.tgz#f9ab6f9c688f4a9d579ad8be28878a716e30c096"
  integrity sha512-95ChzOoYLOPIyVmL+Y6X+abKGXUJlvOVLkB1QQkyXl7Uczc6FElUy/x01NS7r2GX6GRezloO/ecCX9h4U9KadA==

pony-cause@^2.1.10:
  version "2.1.10"
  resolved "https://registry.yarnpkg.com/pony-cause/-/pony-cause-2.1.10.tgz#828457ad6f13be401a075dbf14107a9057945174"
  integrity sha512-3IKLNXclQgkU++2fSi93sQ6BznFuxSLB11HdvZQ6JW/spahf/P1pAHBQEahr20rs0htZW0UDkM1HmA+nZkXKsw==

postcss-value-parser@^4.0.2:
  version "4.2.0"
  resolved "https://registry.yarnpkg.com/postcss-value-parser/-/postcss-value-parser-4.2.0.tgz#723c09920836ba6d3e5af019f92bc0971c02e514"
  integrity sha512-1NNCs6uurfkVbeXG4S8JFT9t19m45ICnif8zWLd5oPSZ50QnwMfK+H3jv408d4jw/7Bttv5axS5IiHoLaVNHeQ==

postcss@^8.4.31:
  version "8.4.31"
  resolved "https://registry.yarnpkg.com/postcss/-/postcss-8.4.31.tgz#92b451050a9f914da6755af352bdc0192508656d"
  integrity sha512-PS08Iboia9mts/2ygV3eLpY5ghnUcfLV/EXTOW1E2qYxJKGGBUtNjN76FYHnMs36RmARn41bC0AZmn+rR0OVpQ==
  dependencies:
    nanoid "^3.3.6"
    picocolors "^1.0.0"
    source-map-js "^1.0.2"

process@^0.11.10:
  version "0.11.10"
  resolved "https://registry.yarnpkg.com/process/-/process-0.11.10.tgz#7332300e840161bda3e69a1d1d91a7d4bc16f182"
  integrity sha512-cdGef/drWFoydD1JsMzuFf8100nZl+GT+yacc2bEced5f9Rjk4z+WtFUTBu9PhOi9j/jfmBPu0mMEY4wIdAF8A==

prop-types@^15.8.1:
  version "15.8.1"
  resolved "https://registry.yarnpkg.com/prop-types/-/prop-types-15.8.1.tgz#67d87bf1a694f48435cf332c24af10214a3140b5"
  integrity sha512-oj87CgZICdulUohogVAR7AjlC0327U4el4L6eAvOqCeudMDVU0NThNaV+b9Df4dXgSP1gXMTnPdhfe/2qDH5cg==
  dependencies:
    loose-envify "^1.4.0"
    object-assign "^4.1.1"
    react-is "^16.13.1"

react-copy-to-clipboard@^5.1.0:
  version "5.1.0"
  resolved "https://registry.yarnpkg.com/react-copy-to-clipboard/-/react-copy-to-clipboard-5.1.0.tgz#09aae5ec4c62750ccb2e6421a58725eabc41255c"
  integrity sha512-k61RsNgAayIJNoy9yDsYzDe/yAZAzEbEgcz3DZMhF686LEyukcE1hzurxe85JandPUG+yTfGVFzuEw3xt8WP/A==
  dependencies:
    copy-to-clipboard "^3.3.1"
    prop-types "^15.8.1"

react-is@^16.13.1:
  version "16.13.1"
  resolved "https://registry.yarnpkg.com/react-is/-/react-is-16.13.1.tgz#789729a4dc36de2999dc156dd6c1d9c18cea56a4"
  integrity sha512-24e6ynE2H+OKt4kqsOvNd8kBpV65zoxbA4BVsEOB3ARVWQki/DHzaUoC5KuON/BiccDaCCTZBuOcfZs70kR8bQ==

readable-stream@^3.6.2:
  version "3.6.2"
  resolved "https://registry.yarnpkg.com/readable-stream/-/readable-stream-3.6.2.tgz#56a9b36ea965c00c5a93ef31eb111a0f11056967"
  integrity sha512-9u/sniCrY3D5WdsERHzHE4G2YCXqoG5FTHUiCC4SIbr6XcLZBY05ya9EKjYek9O5xOAwjGq+1JdGBAS7Q9ScoA==
  dependencies:
    inherits "^2.0.3"
    string_decoder "^1.1.1"
    util-deprecate "^1.0.1"

"readable-stream@^3.6.2 || ^4.4.2":
  version "4.4.2"
  resolved "https://registry.yarnpkg.com/readable-stream/-/readable-stream-4.4.2.tgz#e6aced27ad3b9d726d8308515b9a1b98dc1b9d13"
  integrity sha512-Lk/fICSyIhodxy1IDK2HazkeGjSmezAWX2egdtJnYhtzKEsBPJowlI6F6LPb5tqIQILrMbx22S5o3GuJavPusA==
  dependencies:
    abort-controller "^3.0.0"
    buffer "^6.0.3"
    events "^3.3.0"
    process "^0.11.10"
    string_decoder "^1.3.0"

regenerator-runtime@^0.14.0:
  version "0.14.0"
  resolved "https://registry.yarnpkg.com/regenerator-runtime/-/regenerator-runtime-0.14.0.tgz#5e19d68eb12d486f797e15a3c6a918f7cec5eb45"
  integrity sha512-srw17NI0TUWHuGa5CFGGmhfNIeja30WMBfbslPNhf6JrqQlLN5gcrvig1oqPxiVaXb0oW0XRKtH6Nngs5lKCIA==

safe-buffer@~5.2.0:
  version "5.2.1"
  resolved "https://registry.yarnpkg.com/safe-buffer/-/safe-buffer-5.2.1.tgz#1eaf9fa9bdb1fdd4ec75f58f9cdb4e6b7827eec6"
  integrity sha512-rp3So07KcdmmKbGvgaNxQSJr7bGVSVk5S9Eq1F+ppbRo70+YeaDxkw5Dd8NPN+GD6bjnYm2VuPuCXmpuYvmCXQ==

semver@^7.5.4:
  version "7.5.4"
  resolved "https://registry.yarnpkg.com/semver/-/semver-7.5.4.tgz#483986ec4ed38e1c6c48c34894a9182dbff68a6e"
  integrity sha512-1bCSESV6Pv+i21Hvpxp3Dx+pSD8lIPt8uVjRrxAUt/nbswYc+tK6Y2btiULjd4+fnq15PX+nqQDC7Oft7WkwcA==
  dependencies:
    lru-cache "^6.0.0"

shallowequal@^1.1.0:
  version "1.1.0"
  resolved "https://registry.yarnpkg.com/shallowequal/-/shallowequal-1.1.0.tgz#188d521de95b9087404fd4dcb68b13df0ae4e7f8"
  integrity sha512-y0m1JoUZSlPAjXVtPPW70aZWfIL/dSP7AFkRnniLCrK/8MDKog3TySTBmckD+RObVxH0v4Tox67+F14PdED2oQ==

source-map-js@^1.0.2:
  version "1.0.2"
  resolved "https://registry.yarnpkg.com/source-map-js/-/source-map-js-1.0.2.tgz#adbc361d9c62df380125e7f161f71c826f1e490c"
  integrity sha512-R0XvVJ9WusLiqTCEiGCmICCMplcCkIwwR11mOSD9CR5u+IXYdiseeEuXCVAjS54zqwkLcPNnmU4OeJ6tUrWhDw==

store@^2.0.12:
  version "2.0.12"
  resolved "https://registry.yarnpkg.com/store/-/store-2.0.12.tgz#8c534e2a0b831f72b75fc5f1119857c44ef5d593"
  integrity sha512-eO9xlzDpXLiMr9W1nQ3Nfp9EzZieIQc10zPPMP5jsVV7bLOziSFFBP0XoDXACEIFtdI+rIz0NwWVA/QVJ8zJtw==

string_decoder@^1.1.1, string_decoder@^1.3.0:
  version "1.3.0"
  resolved "https://registry.yarnpkg.com/string_decoder/-/string_decoder-1.3.0.tgz#42f114594a46cf1a8e30b0a84f56c78c3edac21e"
  integrity sha512-hkRX8U1WjJFd8LsDJ2yQ/wWWxaopEsABU1XfkM8A+j0+85JAGppt16cr1Whg6KIbb4okU6Mql6BOj+uup/wKeA==
  dependencies:
    safe-buffer "~5.2.0"

styled-components@^6.0.8:
  version "6.1.1"
  resolved "https://registry.yarnpkg.com/styled-components/-/styled-components-6.1.1.tgz#a5414ada07fb1c17b96a26a05369daa4e2ad55e5"
  integrity sha512-cpZZP5RrKRIClBW5Eby4JM1wElLVP4NQrJbJ0h10TidTyJf4SIIwa3zLXOoPb4gJi8MsJ8mjq5mu2IrEhZIAcQ==
  dependencies:
    "@emotion/is-prop-valid" "^1.2.1"
    "@emotion/unitless" "^0.8.0"
    "@types/stylis" "^4.0.2"
    css-to-react-native "^3.2.0"
    csstype "^3.1.2"
    postcss "^8.4.31"
    shallowequal "^1.1.0"
    stylis "^4.3.0"
    tslib "^2.5.0"

stylis@^4.3.0:
  version "4.3.0"
  resolved "https://registry.yarnpkg.com/stylis/-/stylis-4.3.0.tgz#abe305a669fc3d8777e10eefcfc73ad861c5588c"
  integrity sha512-E87pIogpwUsUwXw7dNyU4QDjdgVMy52m+XEOPEKUn161cCzWjjhPSQhByfd1CcNvrOLnXQ6OnnZDwnJrz/Z4YQ==

superstruct@^1.0.3:
  version "1.0.3"
  resolved "https://registry.yarnpkg.com/superstruct/-/superstruct-1.0.3.tgz#de626a5b49c6641ff4d37da3c7598e7a87697046"
  integrity sha512-8iTn3oSS8nRGn+C2pgXSKPI3jmpm6FExNazNpjvqS6ZUJQCej3PUXEKM8NjHBOs54ExM+LPW/FBRhymrdcCiSg==

toggle-selection@^1.0.6:
  version "1.0.6"
  resolved "https://registry.yarnpkg.com/toggle-selection/-/toggle-selection-1.0.6.tgz#6e45b1263f2017fa0acc7d89d78b15b8bf77da32"
  integrity sha512-BiZS+C1OS8g/q2RRbJmy59xpyghNBqrr6k5L/uKBGRsTfxmu3ffiRnd8mlGPUVayg8pvfi5urfnu8TU7DVOkLQ==

tslib@^2.5.0, tslib@^2.6.1, tslib@^2.6.2:
  version "2.6.2"
  resolved "https://registry.yarnpkg.com/tslib/-/tslib-2.6.2.tgz#703ac29425e7b37cd6fd456e92404d46d1f3e4ae"
  integrity sha512-AEYxH93jGFPn/a2iVAwW87VuUIkR1FVUKB77NwMF7nBTDkDrrT/Hpt/IrCJ0QXhW27jTBDcf5ZY7w6RiqTMw2Q==

undici-types@~5.26.4:
  version "5.26.5"
  resolved "https://registry.yarnpkg.com/undici-types/-/undici-types-5.26.5.tgz#bcd539893d00b56e964fd2657a4866b221a65617"
  integrity sha512-JlCMO+ehdEIKqlFxk6IfVoAUVmgz7cU7zD/h9XZ0qzeosSHmUJVOzSQvvYSYWXkFXC+IfLKSIffhv0sVZup6pA==

util-deprecate@^1.0.1:
  version "1.0.2"
  resolved "https://registry.yarnpkg.com/util-deprecate/-/util-deprecate-1.0.2.tgz#450d4dc9fa70de732762fbd2d4a28981419a0ccf"
  integrity sha512-EPD5q1uXyFxJpCrLnCc1nHnq3gOa6DZBocAIiI2TaSCA7VCJ1UJDMagCzIkXNsUYfD1daK//LTEQ8xiIbrHtcw==

"webextension-polyfill@>=0.10.0 <1.0", webextension-polyfill@^0.10.0:
  version "0.10.0"
  resolved "https://registry.yarnpkg.com/webextension-polyfill/-/webextension-polyfill-0.10.0.tgz#ccb28101c910ba8cf955f7e6a263e662d744dbb8"
  integrity sha512-c5s35LgVa5tFaHhrZDnr3FpQpjj1BB+RXhLTYUxGqBVN460HkbM8TBtEqdXWbpTKfzwCcjAZVF7zXCYSKtcp9g==

wrappy@1:
  version "1.0.2"
  resolved "https://registry.yarnpkg.com/wrappy/-/wrappy-1.0.2.tgz#b5243d8f3ec1aa35f1364605bc0d1036e30ab69f"
  integrity sha512-l4Sp/DRseor9wL6EvV2+TuQn63dMkPjZ/sp9XkghTEbV9KlPS1xUsZ3u7/IQO4wxtcFB4bgpQPRcR3QCvezPcQ==

yallist@^4.0.0:
  version "4.0.0"
  resolved "https://registry.yarnpkg.com/yallist/-/yallist-4.0.0.tgz#9bb92790d9c0effec63be73519e11a35019a3a72"
  integrity sha512-3wdGidZyq5PB084XLES5TpOSRA3wjXAlIWMhum2kRcv/41Sn2emQ0dycQW4uZXLejwKvg6EsvbdlVL+FYEct7A==
