# THIS IS AN AUTOGENERATED FILE. DO NOT EDIT THIS FILE DIRECTLY.
# yarn lockfile v1


"@prisma/client@^5.6.0":
  version "5.6.0"
  resolved "https://registry.yarnpkg.com/@prisma/client/-/client-5.6.0.tgz#1c15932250d5658fe0127e62faf4ecd96a877259"
  integrity sha512-mUDefQFa1wWqk4+JhKPYq8BdVoFk9NFMBXUI8jAkBfQTtgx8WPx02U2HB/XbAz3GSUJpeJOKJQtNvaAIDs6sug==
  dependencies:
    "@prisma/engines-version" "5.6.0-32.e95e739751f42d8ca026f6b910f5a2dc5adeaeee"

"@prisma/engines-version@5.6.0-32.e95e739751f42d8ca026f6b910f5a2dc5adeaeee":
  version "5.6.0-32.e95e739751f42d8ca026f6b910f5a2dc5adeaeee"
  resolved "https://registry.yarnpkg.com/@prisma/engines-version/-/engines-version-5.6.0-32.e95e739751f42d8ca026f6b910f5a2dc5adeaeee.tgz#57b003ab5e1ea1523b5cdd7f06b24ebcf5c7fd8c"
  integrity sha512-UoFgbV1awGL/3wXuUK3GDaX2SolqczeeJ5b4FVec9tzeGbSWJboPSbT0psSrmgYAKiKnkOPFSLlH6+b+IyOwAw==

"@prisma/engines@5.6.0":
  version "5.6.0"
  resolved "https://registry.yarnpkg.com/@prisma/engines/-/engines-5.6.0.tgz#82c445aa10633bbc0388aa2d6e411a0bd94c9439"
  integrity sha512-Mt2q+GNJpU2vFn6kif24oRSBQv1KOkYaterQsi0k2/lA+dLvhRX6Lm26gon6PYHwUM8/h8KRgXIUMU0PCLB6bw==

prisma@^5.6.0:
  version "5.6.0"
  resolved "https://registry.yarnpkg.com/prisma/-/prisma-5.6.0.tgz#ae2c27fdfb4d53be7f7dafb50d6b8b7f55c93aa5"
  integrity sha512-EEaccku4ZGshdr2cthYHhf7iyvCcXqwJDvnoQRAJg5ge2Tzpv0e2BaMCp+CbbDUwoVTzwgOap9Zp+d4jFa2O9A==
  dependencies:
    "@prisma/engines" "5.6.0"

typescript@^5.3.2:
  version "5.3.2"
  resolved "https://registry.yarnpkg.com/typescript/-/typescript-5.3.2.tgz#00d1c7c1c46928c5845c1ee8d0cc2791031d4c43"
  integrity sha512-6l+RyNy7oAHDfxC4FzSJcz9vnjTKxrLpDG5M2Vu4SHRVNg6xzqZp6LYSR9zjqQTu8DU/f5xwxUdADOkbrIX2gQ==
